// !$*UTF8*$!
{
	archiveVersion = 1;
	classes = {
	};
	objectVersion = 56;
	objects = {

/* Begin PBXBuildFile section */
		B51AEB6C2A05272200EB9107 /* APIEnvironment.swift in Sources */ = {isa = PBXBuildFile; fileRef = B51AEB6B2A05272200EB9107 /* APIEnvironment.swift */; };
		B51AEB702A0527F600EB9107 /* EndPointable.swift in Sources */ = {isa = PBXBuildFile; fileRef = B51AEB6F2A0527F600EB9107 /* EndPointable.swift */; };
		B51AEB722A05285D00EB9107 /* HTTPMethod.swift in Sources */ = {isa = PBXBuildFile; fileRef = B51AEB712A05285D00EB9107 /* HTTPMethod.swift */; };
		B51AEB742A0528FC00EB9107 /* HTTPTask.swift in Sources */ = {isa = PBXBuildFile; fileRef = B51AEB732A0528FC00EB9107 /* HTTPTask.swift */; };
		B51AEB772A052AEA00EB9107 /* PhotoEndPoint.swift in Sources */ = {isa = PBXBuildFile; fileRef = B51AEB762A052AE900EB9107 /* PhotoEndPoint.swift */; };
		B51AEB792A052D9200EB9107 /* CollectionEndPoint.swift in Sources */ = {isa = PBXBuildFile; fileRef = B51AEB782A052D9200EB9107 /* CollectionEndPoint.swift */; };
		B51AEB7B2A052F4D00EB9107 /* Encodable+Extension.swift in Sources */ = {isa = PBXBuildFile; fileRef = B51AEB7A2A052F4D00EB9107 /* Encodable+Extension.swift */; };
		B51AEB7E2A05317500EB9107 /* NetworkRequest.swift in Sources */ = {isa = PBXBuildFile; fileRef = B51AEB7D2A05317500EB9107 /* NetworkRequest.swift */; };
		B51AEB802A05395200EB9107 /* APIRequest.swift in Sources */ = {isa = PBXBuildFile; fileRef = B51AEB7F2A05395200EB9107 /* APIRequest.swift */; };
		B51AEB822A053B7500EB9107 /* NetworkError.swift in Sources */ = {isa = PBXBuildFile; fileRef = B51AEB812A053B7500EB9107 /* NetworkError.swift */; };
		B51AEB852A053FCA00EB9107 /* PhotoAPI.swift in Sources */ = {isa = PBXBuildFile; fileRef = B51AEB842A053FCA00EB9107 /* PhotoAPI.swift */; };
		B51AEB872A05429000EB9107 /* CollectionAPI.swift in Sources */ = {isa = PBXBuildFile; fileRef = B51AEB862A05429000EB9107 /* CollectionAPI.swift */; };
		B57226452A13CD000016B69C /* AppDelegate.swift in Sources */ = {isa = PBXBuildFile; fileRef = B57226442A13CD000016B69C /* AppDelegate.swift */; };
		B57226472A13CD000016B69C /* SceneDelegate.swift in Sources */ = {isa = PBXBuildFile; fileRef = B57226462A13CD000016B69C /* SceneDelegate.swift */; };
		B572264C2A13CD000016B69C /* Main.storyboard in Resources */ = {isa = PBXBuildFile; fileRef = B572264A2A13CD000016B69C /* Main.storyboard */; };
		B572264E2A13CD010016B69C /* Assets.xcassets in Resources */ = {isa = PBXBuildFile; fileRef = B572264D2A13CD010016B69C /* Assets.xcassets */; };
		B57226512A13CD010016B69C /* LaunchScreen.storyboard in Resources */ = {isa = PBXBuildFile; fileRef = B572264F2A13CD010016B69C /* LaunchScreen.storyboard */; };
		B572265C2A13CD010016B69C /* EXNetworkTests.swift in Sources */ = {isa = PBXBuildFile; fileRef = B572265B2A13CD010016B69C /* EXNetworkTests.swift */; };
		B57226742A13D3FA0016B69C /* ViewController.swift in Sources */ = {isa = PBXBuildFile; fileRef = B57226482A13CD000016B69C /* ViewController.swift */; };
		B572267D2A14669E0016B69C /* Image.swift in Sources */ = {isa = PBXBuildFile; fileRef = B572C8A32A03A43300F86A3B /* Image.swift */; };
		B572267E2A1466A20016B69C /* CollectionRequestDTO.swift in Sources */ = {isa = PBXBuildFile; fileRef = B572C8A82A03E46500F86A3B /* CollectionRequestDTO.swift */; };
		B572267F2A1466A60016B69C /* CollectionResponseDTO.swift in Sources */ = {isa = PBXBuildFile; fileRef = B572C8AD2A03E81400F86A3B /* CollectionResponseDTO.swift */; };
		B572C86D2A02943800F86A3B /* AppDelegate.swift in Sources */ = {isa = PBXBuildFile; fileRef = B572C86C2A02943800F86A3B /* AppDelegate.swift */; };
		B572C86F2A02943800F86A3B /* SceneDelegate.swift in Sources */ = {isa = PBXBuildFile; fileRef = B572C86E2A02943800F86A3B /* SceneDelegate.swift */; };
		B572C8712A02943800F86A3B /* ViewController.swift in Sources */ = {isa = PBXBuildFile; fileRef = B572C8702A02943800F86A3B /* ViewController.swift */; };
		B572C8742A02943800F86A3B /* Main.storyboard in Resources */ = {isa = PBXBuildFile; fileRef = B572C8722A02943800F86A3B /* Main.storyboard */; };
		B572C8762A02943900F86A3B /* Assets.xcassets in Resources */ = {isa = PBXBuildFile; fileRef = B572C8752A02943900F86A3B /* Assets.xcassets */; };
		B572C8792A02943900F86A3B /* LaunchScreen.storyboard in Resources */ = {isa = PBXBuildFile; fileRef = B572C8772A02943900F86A3B /* LaunchScreen.storyboard */; };
		B572C8842A02943900F86A3B /* URLSession_ExampleTests.swift in Sources */ = {isa = PBXBuildFile; fileRef = B572C8832A02943900F86A3B /* URLSession_ExampleTests.swift */; };
		B572C88E2A02943900F86A3B /* URLSession_ExampleUITests.swift in Sources */ = {isa = PBXBuildFile; fileRef = B572C88D2A02943900F86A3B /* URLSession_ExampleUITests.swift */; };
		B572C8902A02943900F86A3B /* URLSession_ExampleUITestsLaunchTests.swift in Sources */ = {isa = PBXBuildFile; fileRef = B572C88F2A02943900F86A3B /* URLSession_ExampleUITestsLaunchTests.swift */; };
		B572C8A12A03849100F86A3B /* PhotoCollectionViewCell.swift in Sources */ = {isa = PBXBuildFile; fileRef = B572C8A02A03849100F86A3B /* PhotoCollectionViewCell.swift */; };
		B572C8A42A03A43300F86A3B /* Image.swift in Sources */ = {isa = PBXBuildFile; fileRef = B572C8A32A03A43300F86A3B /* Image.swift */; };
		B572C8A72A03CB5000F86A3B /* CollectionViewController.swift in Sources */ = {isa = PBXBuildFile; fileRef = B572C8A62A03CB5000F86A3B /* CollectionViewController.swift */; };
		B572C8A92A03E46500F86A3B /* CollectionRequestDTO.swift in Sources */ = {isa = PBXBuildFile; fileRef = B572C8A82A03E46500F86A3B /* CollectionRequestDTO.swift */; };
		B572C8AC2A03E5A800F86A3B /* MakeAlert+UIViewController.swift in Sources */ = {isa = PBXBuildFile; fileRef = B572C8AB2A03E5A800F86A3B /* MakeAlert+UIViewController.swift */; };
		B572C8AE2A03E81400F86A3B /* CollectionResponseDTO.swift in Sources */ = {isa = PBXBuildFile; fileRef = B572C8AD2A03E81400F86A3B /* CollectionResponseDTO.swift */; };
		B572C8B22A049C1300F86A3B /* Keys.plist in Resources */ = {isa = PBXBuildFile; fileRef = B572C8B12A049C1300F86A3B /* Keys.plist */; };
		B572C8B42A049CAB00F86A3B /* KeyProvider.swift in Sources */ = {isa = PBXBuildFile; fileRef = B572C8B32A049CAB00F86A3B /* KeyProvider.swift */; };
/* End PBXBuildFile section */

/* Begin PBXContainerItemProxy section */
		B57226582A13CD010016B69C /* PBXContainerItemProxy */ = {
			isa = PBXContainerItemProxy;
			containerPortal = B572C8612A02943800F86A3B /* Project object */;
			proxyType = 1;
			remoteGlobalIDString = B57226412A13CD000016B69C;
			remoteInfo = EXNetwork;
		};
		B572C8802A02943900F86A3B /* PBXContainerItemProxy */ = {
			isa = PBXContainerItemProxy;
			containerPortal = B572C8612A02943800F86A3B /* Project object */;
			proxyType = 1;
			remoteGlobalIDString = B572C8682A02943800F86A3B;
			remoteInfo = URLSession_Example;
		};
		B572C88A2A02943900F86A3B /* PBXContainerItemProxy */ = {
			isa = PBXContainerItemProxy;
			containerPortal = B572C8612A02943800F86A3B /* Project object */;
			proxyType = 1;
			remoteGlobalIDString = B572C8682A02943800F86A3B;
			remoteInfo = URLSession_Example;
		};
/* End PBXContainerItemProxy section */

/* Begin PBXCopyFilesBuildPhase section */
		B572262C2A13CAB40016B69C /* Embed Frameworks */ = {
			isa = PBXCopyFilesBuildPhase;
			buildActionMask = 2147483647;
			dstPath = "";
			dstSubfolderSpec = 10;
			files = (
			);
			name = "Embed Frameworks";
			runOnlyForDeploymentPostprocessing = 0;
		};
/* End PBXCopyFilesBuildPhase section */

/* Begin PBXFileReference section */
		B51AEB6B2A05272200EB9107 /* APIEnvironment.swift */ = {isa = PBXFileReference; lastKnownFileType = sourcecode.swift; path = APIEnvironment.swift; sourceTree = "<group>"; };
		B51AEB6F2A0527F600EB9107 /* EndPointable.swift */ = {isa = PBXFileReference; lastKnownFileType = sourcecode.swift; path = EndPointable.swift; sourceTree = "<group>"; };
		B51AEB712A05285D00EB9107 /* HTTPMethod.swift */ = {isa = PBXFileReference; lastKnownFileType = sourcecode.swift; path = HTTPMethod.swift; sourceTree = "<group>"; };
		B51AEB732A0528FC00EB9107 /* HTTPTask.swift */ = {isa = PBXFileReference; lastKnownFileType = sourcecode.swift; path = HTTPTask.swift; sourceTree = "<group>"; };
		B51AEB762A052AE900EB9107 /* PhotoEndPoint.swift */ = {isa = PBXFileReference; lastKnownFileType = sourcecode.swift; path = PhotoEndPoint.swift; sourceTree = "<group>"; };
		B51AEB782A052D9200EB9107 /* CollectionEndPoint.swift */ = {isa = PBXFileReference; lastKnownFileType = sourcecode.swift; path = CollectionEndPoint.swift; sourceTree = "<group>"; };
		B51AEB7A2A052F4D00EB9107 /* Encodable+Extension.swift */ = {isa = PBXFileReference; lastKnownFileType = sourcecode.swift; path = "Encodable+Extension.swift"; sourceTree = "<group>"; };
		B51AEB7D2A05317500EB9107 /* NetworkRequest.swift */ = {isa = PBXFileReference; lastKnownFileType = sourcecode.swift; path = NetworkRequest.swift; sourceTree = "<group>"; };
		B51AEB7F2A05395200EB9107 /* APIRequest.swift */ = {isa = PBXFileReference; lastKnownFileType = sourcecode.swift; path = APIRequest.swift; sourceTree = "<group>"; };
		B51AEB812A053B7500EB9107 /* NetworkError.swift */ = {isa = PBXFileReference; lastKnownFileType = sourcecode.swift; path = NetworkError.swift; sourceTree = "<group>"; };
		B51AEB842A053FCA00EB9107 /* PhotoAPI.swift */ = {isa = PBXFileReference; lastKnownFileType = sourcecode.swift; path = PhotoAPI.swift; sourceTree = "<group>"; };
		B51AEB862A05429000EB9107 /* CollectionAPI.swift */ = {isa = PBXFileReference; lastKnownFileType = sourcecode.swift; path = CollectionAPI.swift; sourceTree = "<group>"; };
		B57226422A13CD000016B69C /* EXNetwork.app */ = {isa = PBXFileReference; explicitFileType = wrapper.application; includeInIndex = 0; path = EXNetwork.app; sourceTree = BUILT_PRODUCTS_DIR; };
		B57226442A13CD000016B69C /* AppDelegate.swift */ = {isa = PBXFileReference; lastKnownFileType = sourcecode.swift; path = AppDelegate.swift; sourceTree = "<group>"; };
		B57226462A13CD000016B69C /* SceneDelegate.swift */ = {isa = PBXFileReference; lastKnownFileType = sourcecode.swift; path = SceneDelegate.swift; sourceTree = "<group>"; };
		B57226482A13CD000016B69C /* ViewController.swift */ = {isa = PBXFileReference; lastKnownFileType = sourcecode.swift; path = ViewController.swift; sourceTree = "<group>"; };
		B572264B2A13CD000016B69C /* Base */ = {isa = PBXFileReference; lastKnownFileType = file.storyboard; name = Base; path = Base.lproj/Main.storyboard; sourceTree = "<group>"; };
		B572264D2A13CD010016B69C /* Assets.xcassets */ = {isa = PBXFileReference; lastKnownFileType = folder.assetcatalog; path = Assets.xcassets; sourceTree = "<group>"; };
		B57226502A13CD010016B69C /* Base */ = {isa = PBXFileReference; lastKnownFileType = file.storyboard; name = Base; path = Base.lproj/LaunchScreen.storyboard; sourceTree = "<group>"; };
		B57226522A13CD010016B69C /* Info.plist */ = {isa = PBXFileReference; lastKnownFileType = text.plist.xml; path = Info.plist; sourceTree = "<group>"; };
		B57226572A13CD010016B69C /* EXNetworkTests.xctest */ = {isa = PBXFileReference; explicitFileType = wrapper.cfbundle; includeInIndex = 0; path = EXNetworkTests.xctest; sourceTree = BUILT_PRODUCTS_DIR; };
		B572265B2A13CD010016B69C /* EXNetworkTests.swift */ = {isa = PBXFileReference; lastKnownFileType = sourcecode.swift; path = EXNetworkTests.swift; sourceTree = "<group>"; };
		B572268C2A14830C0016B69C /* MTNetwork */ = {isa = PBXFileReference; lastKnownFileType = wrapper; path = MTNetwork; sourceTree = "<group>"; };
		B572C8692A02943800F86A3B /* URLSession_Example.app */ = {isa = PBXFileReference; explicitFileType = wrapper.application; includeInIndex = 0; path = URLSession_Example.app; sourceTree = BUILT_PRODUCTS_DIR; };
		B572C86C2A02943800F86A3B /* AppDelegate.swift */ = {isa = PBXFileReference; lastKnownFileType = sourcecode.swift; path = AppDelegate.swift; sourceTree = "<group>"; };
		B572C86E2A02943800F86A3B /* SceneDelegate.swift */ = {isa = PBXFileReference; lastKnownFileType = sourcecode.swift; path = SceneDelegate.swift; sourceTree = "<group>"; };
		B572C8702A02943800F86A3B /* ViewController.swift */ = {isa = PBXFileReference; lastKnownFileType = sourcecode.swift; path = ViewController.swift; sourceTree = "<group>"; };
		B572C8732A02943800F86A3B /* Base */ = {isa = PBXFileReference; lastKnownFileType = file.storyboard; name = Base; path = Base.lproj/Main.storyboard; sourceTree = "<group>"; };
		B572C8752A02943900F86A3B /* Assets.xcassets */ = {isa = PBXFileReference; lastKnownFileType = folder.assetcatalog; path = Assets.xcassets; sourceTree = "<group>"; };
		B572C8782A02943900F86A3B /* Base */ = {isa = PBXFileReference; lastKnownFileType = file.storyboard; name = Base; path = Base.lproj/LaunchScreen.storyboard; sourceTree = "<group>"; };
		B572C87A2A02943900F86A3B /* Info.plist */ = {isa = PBXFileReference; lastKnownFileType = text.plist.xml; path = Info.plist; sourceTree = "<group>"; };
		B572C87F2A02943900F86A3B /* URLSession_ExampleTests.xctest */ = {isa = PBXFileReference; explicitFileType = wrapper.cfbundle; includeInIndex = 0; path = URLSession_ExampleTests.xctest; sourceTree = BUILT_PRODUCTS_DIR; };
		B572C8832A02943900F86A3B /* URLSession_ExampleTests.swift */ = {isa = PBXFileReference; lastKnownFileType = sourcecode.swift; path = URLSession_ExampleTests.swift; sourceTree = "<group>"; };
		B572C8892A02943900F86A3B /* URLSession_ExampleUITests.xctest */ = {isa = PBXFileReference; explicitFileType = wrapper.cfbundle; includeInIndex = 0; path = URLSession_ExampleUITests.xctest; sourceTree = BUILT_PRODUCTS_DIR; };
		B572C88D2A02943900F86A3B /* URLSession_ExampleUITests.swift */ = {isa = PBXFileReference; lastKnownFileType = sourcecode.swift; path = URLSession_ExampleUITests.swift; sourceTree = "<group>"; };
		B572C88F2A02943900F86A3B /* URLSession_ExampleUITestsLaunchTests.swift */ = {isa = PBXFileReference; lastKnownFileType = sourcecode.swift; path = URLSession_ExampleUITestsLaunchTests.swift; sourceTree = "<group>"; };
		B572C8A02A03849100F86A3B /* PhotoCollectionViewCell.swift */ = {isa = PBXFileReference; lastKnownFileType = sourcecode.swift; path = PhotoCollectionViewCell.swift; sourceTree = "<group>"; };
		B572C8A32A03A43300F86A3B /* Image.swift */ = {isa = PBXFileReference; lastKnownFileType = sourcecode.swift; path = Image.swift; sourceTree = "<group>"; };
		B572C8A62A03CB5000F86A3B /* CollectionViewController.swift */ = {isa = PBXFileReference; lastKnownFileType = sourcecode.swift; path = CollectionViewController.swift; sourceTree = "<group>"; };
		B572C8A82A03E46500F86A3B /* CollectionRequestDTO.swift */ = {isa = PBXFileReference; lastKnownFileType = sourcecode.swift; path = CollectionRequestDTO.swift; sourceTree = "<group>"; };
		B572C8AB2A03E5A800F86A3B /* MakeAlert+UIViewController.swift */ = {isa = PBXFileReference; lastKnownFileType = sourcecode.swift; path = "MakeAlert+UIViewController.swift"; sourceTree = "<group>"; };
		B572C8AD2A03E81400F86A3B /* CollectionResponseDTO.swift */ = {isa = PBXFileReference; lastKnownFileType = sourcecode.swift; path = CollectionResponseDTO.swift; sourceTree = "<group>"; };
		B572C8B12A049C1300F86A3B /* Keys.plist */ = {isa = PBXFileReference; lastKnownFileType = text.plist.xml; path = Keys.plist; sourceTree = "<group>"; };
		B572C8B32A049CAB00F86A3B /* KeyProvider.swift */ = {isa = PBXFileReference; lastKnownFileType = sourcecode.swift; path = KeyProvider.swift; sourceTree = "<group>"; };
/* End PBXFileReference section */

/* Begin PBXFrameworksBuildPhase section */
		B572263F2A13CD000016B69C /* Frameworks */ = {
			isa = PBXFrameworksBuildPhase;
			buildActionMask = 2147483647;
			files = (
			);
			runOnlyForDeploymentPostprocessing = 0;
		};
		B57226542A13CD010016B69C /* Frameworks */ = {
			isa = PBXFrameworksBuildPhase;
			buildActionMask = 2147483647;
			files = (
			);
			runOnlyForDeploymentPostprocessing = 0;
		};
		B572C8662A02943800F86A3B /* Frameworks */ = {
			isa = PBXFrameworksBuildPhase;
			buildActionMask = 2147483647;
			files = (
			);
			runOnlyForDeploymentPostprocessing = 0;
		};
		B572C87C2A02943900F86A3B /* Frameworks */ = {
			isa = PBXFrameworksBuildPhase;
			buildActionMask = 2147483647;
			files = (
			);
			runOnlyForDeploymentPostprocessing = 0;
		};
		B572C8862A02943900F86A3B /* Frameworks */ = {
			isa = PBXFrameworksBuildPhase;
			buildActionMask = 2147483647;
			files = (
			);
			runOnlyForDeploymentPostprocessing = 0;
		};
/* End PBXFrameworksBuildPhase section */

/* Begin PBXGroup section */
		B51AEB6A2A0526FD00EB9107 /* Networks */ = {
			isa = PBXGroup;
			children = (
				B51AEB832A053FBD00EB9107 /* APIs */,
				B51AEB752A052ADA00EB9107 /* EndPoints */,
				B51AEB6D2A0527DF00EB9107 /* Foundation */,
			);
			path = Networks;
			sourceTree = "<group>";
		};
		B51AEB6D2A0527DF00EB9107 /* Foundation */ = {
			isa = PBXGroup;
			children = (
				B51AEB6B2A05272200EB9107 /* APIEnvironment.swift */,
				B51AEB6F2A0527F600EB9107 /* EndPointable.swift */,
				B51AEB712A05285D00EB9107 /* HTTPMethod.swift */,
				B51AEB732A0528FC00EB9107 /* HTTPTask.swift */,
				B51AEB7D2A05317500EB9107 /* NetworkRequest.swift */,
				B51AEB7F2A05395200EB9107 /* APIRequest.swift */,
				B51AEB812A053B7500EB9107 /* NetworkError.swift */,
			);
			path = Foundation;
			sourceTree = "<group>";
		};
		B51AEB752A052ADA00EB9107 /* EndPoints */ = {
			isa = PBXGroup;
			children = (
				B51AEB762A052AE900EB9107 /* PhotoEndPoint.swift */,
				B51AEB782A052D9200EB9107 /* CollectionEndPoint.swift */,
			);
			path = EndPoints;
			sourceTree = "<group>";
		};
		B51AEB7C2A052F5400EB9107 /* Extension */ = {
			isa = PBXGroup;
			children = (
				B51AEB7A2A052F4D00EB9107 /* Encodable+Extension.swift */,
			);
			path = Extension;
			sourceTree = "<group>";
		};
		B51AEB832A053FBD00EB9107 /* APIs */ = {
			isa = PBXGroup;
			children = (
				B51AEB842A053FCA00EB9107 /* PhotoAPI.swift */,
				B51AEB862A05429000EB9107 /* CollectionAPI.swift */,
			);
			path = APIs;
			sourceTree = "<group>";
		};
		B57226432A13CD000016B69C /* EXNetwork */ = {
			isa = PBXGroup;
			children = (
				B57226812A1467A50016B69C /* EndPoint */,
				B57226762A1464760016B69C /* Example */,
			);
			path = EXNetwork;
			sourceTree = "<group>";
		};
		B572265A2A13CD010016B69C /* EXNetworkTests */ = {
			isa = PBXGroup;
			children = (
				B572265B2A13CD010016B69C /* EXNetworkTests.swift */,
			);
			path = EXNetworkTests;
			sourceTree = "<group>";
		};
		B57226752A1464640016B69C /* Supports */ = {
			isa = PBXGroup;
			children = (
				B57226442A13CD000016B69C /* AppDelegate.swift */,
				B57226462A13CD000016B69C /* SceneDelegate.swift */,
				B57226522A13CD010016B69C /* Info.plist */,
			);
			path = Supports;
			sourceTree = "<group>";
		};
		B57226762A1464760016B69C /* Example */ = {
			isa = PBXGroup;
			children = (
				B57226782A1464900016B69C /* Views */,
				B57226772A1464820016B69C /* Resources */,
				B57226752A1464640016B69C /* Supports */,
			);
			path = Example;
			sourceTree = "<group>";
		};
		B57226772A1464820016B69C /* Resources */ = {
			isa = PBXGroup;
			children = (
				B572264D2A13CD010016B69C /* Assets.xcassets */,
				B572264F2A13CD010016B69C /* LaunchScreen.storyboard */,
			);
			path = Resources;
			sourceTree = "<group>";
		};
		B57226782A1464900016B69C /* Views */ = {
			isa = PBXGroup;
			children = (
				B572264A2A13CD000016B69C /* Main.storyboard */,
				B57226482A13CD000016B69C /* ViewController.swift */,
			);
			path = Views;
			sourceTree = "<group>";
		};
		B572267B2A14668C0016B69C /* Common */ = {
			isa = PBXGroup;
			children = (
				B572267C2A1466940016B69C /* Models */,
			);
			path = Common;
			sourceTree = "<group>";
		};
		B572267C2A1466940016B69C /* Models */ = {
			isa = PBXGroup;
			children = (
				B572C8A32A03A43300F86A3B /* Image.swift */,
				B572C8A82A03E46500F86A3B /* CollectionRequestDTO.swift */,
				B572C8AD2A03E81400F86A3B /* CollectionResponseDTO.swift */,
			);
			path = Models;
			sourceTree = "<group>";
		};
		B57226812A1467A50016B69C /* EndPoint */ = {
			isa = PBXGroup;
			children = (
			);
			path = EndPoint;
			sourceTree = "<group>";
		};
		B57226892A1475B10016B69C /* Package */ = {
			isa = PBXGroup;
			children = (
				B572268C2A14830C0016B69C /* MTNetwork */,
			);
			path = Package;
			sourceTree = "<group>";
		};
		B572C8602A02943800F86A3B = {
			isa = PBXGroup;
			children = (
				B572267B2A14668C0016B69C /* Common */,
				B572C86B2A02943800F86A3B /* URLSession_Example */,
				B57226432A13CD000016B69C /* EXNetwork */,
				B57226892A1475B10016B69C /* Package */,
				B572C8822A02943900F86A3B /* URLSession_ExampleTests */,
				B572C88C2A02943900F86A3B /* URLSession_ExampleUITests */,
				B572265A2A13CD010016B69C /* EXNetworkTests */,
				B572C86A2A02943800F86A3B /* Products */,
			);
			sourceTree = "<group>";
		};
		B572C86A2A02943800F86A3B /* Products */ = {
			isa = PBXGroup;
			children = (
				B572C8692A02943800F86A3B /* URLSession_Example.app */,
				B572C87F2A02943900F86A3B /* URLSession_ExampleTests.xctest */,
				B572C8892A02943900F86A3B /* URLSession_ExampleUITests.xctest */,
				B57226422A13CD000016B69C /* EXNetwork.app */,
				B57226572A13CD010016B69C /* EXNetworkTests.xctest */,
			);
			name = Products;
			sourceTree = "<group>";
		};
		B572C86B2A02943800F86A3B /* URLSession_Example */ = {
			isa = PBXGroup;
			children = (
				B51AEB6A2A0526FD00EB9107 /* Networks */,
				B572C89D2A03842000F86A3B /* Views */,
				B572C8AA2A03E58D00F86A3B /* Utils */,
				B51AEB7C2A052F5400EB9107 /* Extension */,
				B572C89C2A03841700F86A3B /* Supports */,
				B572C89E2A03843500F86A3B /* Resources */,
			);
			path = URLSession_Example;
			sourceTree = "<group>";
		};
		B572C8822A02943900F86A3B /* URLSession_ExampleTests */ = {
			isa = PBXGroup;
			children = (
				B572C8832A02943900F86A3B /* URLSession_ExampleTests.swift */,
			);
			path = URLSession_ExampleTests;
			sourceTree = "<group>";
		};
		B572C88C2A02943900F86A3B /* URLSession_ExampleUITests */ = {
			isa = PBXGroup;
			children = (
				B572C88D2A02943900F86A3B /* URLSession_ExampleUITests.swift */,
				B572C88F2A02943900F86A3B /* URLSession_ExampleUITestsLaunchTests.swift */,
			);
			path = URLSession_ExampleUITests;
			sourceTree = "<group>";
		};
		B572C89C2A03841700F86A3B /* Supports */ = {
			isa = PBXGroup;
			children = (
				B572C8B12A049C1300F86A3B /* Keys.plist */,
				B572C87A2A02943900F86A3B /* Info.plist */,
				B572C86C2A02943800F86A3B /* AppDelegate.swift */,
				B572C86E2A02943800F86A3B /* SceneDelegate.swift */,
			);
			path = Supports;
			sourceTree = "<group>";
		};
		B572C89D2A03842000F86A3B /* Views */ = {
			isa = PBXGroup;
			children = (
				B572C89F2A03848400F86A3B /* Cell */,
				B572C8702A02943800F86A3B /* ViewController.swift */,
				B572C8A62A03CB5000F86A3B /* CollectionViewController.swift */,
				B572C8722A02943800F86A3B /* Main.storyboard */,
			);
			path = Views;
			sourceTree = "<group>";
		};
		B572C89E2A03843500F86A3B /* Resources */ = {
			isa = PBXGroup;
			children = (
				B572C8752A02943900F86A3B /* Assets.xcassets */,
				B572C8772A02943900F86A3B /* LaunchScreen.storyboard */,
			);
			path = Resources;
			sourceTree = "<group>";
		};
		B572C89F2A03848400F86A3B /* Cell */ = {
			isa = PBXGroup;
			children = (
				B572C8A02A03849100F86A3B /* PhotoCollectionViewCell.swift */,
			);
			path = Cell;
			sourceTree = "<group>";
		};
		B572C8AA2A03E58D00F86A3B /* Utils */ = {
			isa = PBXGroup;
			children = (
				B572C8AB2A03E5A800F86A3B /* MakeAlert+UIViewController.swift */,
				B572C8B32A049CAB00F86A3B /* KeyProvider.swift */,
			);
			path = Utils;
			sourceTree = "<group>";
		};
/* End PBXGroup section */

/* Begin PBXNativeTarget section */
		B57226412A13CD000016B69C /* EXNetwork */ = {
			isa = PBXNativeTarget;
			buildConfigurationList = B57226692A13CD010016B69C /* Build configuration list for PBXNativeTarget "EXNetwork" */;
			buildPhases = (
				B572263E2A13CD000016B69C /* Sources */,
				B572263F2A13CD000016B69C /* Frameworks */,
				B57226402A13CD000016B69C /* Resources */,
			);
			buildRules = (
			);
			dependencies = (
			);
			name = EXNetwork;
			productName = EXNetwork;
			productReference = B57226422A13CD000016B69C /* EXNetwork.app */;
			productType = "com.apple.product-type.application";
		};
		B57226562A13CD010016B69C /* EXNetworkTests */ = {
			isa = PBXNativeTarget;
			buildConfigurationList = B572266C2A13CD010016B69C /* Build configuration list for PBXNativeTarget "EXNetworkTests" */;
			buildPhases = (
				B57226532A13CD010016B69C /* Sources */,
				B57226542A13CD010016B69C /* Frameworks */,
				B57226552A13CD010016B69C /* Resources */,
			);
			buildRules = (
			);
			dependencies = (
				B57226592A13CD010016B69C /* PBXTargetDependency */,
			);
			name = EXNetworkTests;
			productName = EXNetworkTests;
			productReference = B57226572A13CD010016B69C /* EXNetworkTests.xctest */;
			productType = "com.apple.product-type.bundle.unit-test";
		};
		B572C8682A02943800F86A3B /* URLSession_Example */ = {
			isa = PBXNativeTarget;
			buildConfigurationList = B572C8932A02943900F86A3B /* Build configuration list for PBXNativeTarget "URLSession_Example" */;
			buildPhases = (
				B572C8652A02943800F86A3B /* Sources */,
				B572C8662A02943800F86A3B /* Frameworks */,
				B572C8672A02943800F86A3B /* Resources */,
				B572262C2A13CAB40016B69C /* Embed Frameworks */,
			);
			buildRules = (
			);
			dependencies = (
			);
			name = URLSession_Example;
			productName = URLSession_Example;
			productReference = B572C8692A02943800F86A3B /* URLSession_Example.app */;
			productType = "com.apple.product-type.application";
		};
		B572C87E2A02943900F86A3B /* URLSession_ExampleTests */ = {
			isa = PBXNativeTarget;
			buildConfigurationList = B572C8962A02943900F86A3B /* Build configuration list for PBXNativeTarget "URLSession_ExampleTests" */;
			buildPhases = (
				B572C87B2A02943900F86A3B /* Sources */,
				B572C87C2A02943900F86A3B /* Frameworks */,
				B572C87D2A02943900F86A3B /* Resources */,
			);
			buildRules = (
			);
			dependencies = (
				B572C8812A02943900F86A3B /* PBXTargetDependency */,
			);
			name = URLSession_ExampleTests;
			productName = URLSession_ExampleTests;
			productReference = B572C87F2A02943900F86A3B /* URLSession_ExampleTests.xctest */;
			productType = "com.apple.product-type.bundle.unit-test";
		};
		B572C8882A02943900F86A3B /* URLSession_ExampleUITests */ = {
			isa = PBXNativeTarget;
			buildConfigurationList = B572C8992A02943900F86A3B /* Build configuration list for PBXNativeTarget "URLSession_ExampleUITests" */;
			buildPhases = (
				B572C8852A02943900F86A3B /* Sources */,
				B572C8862A02943900F86A3B /* Frameworks */,
				B572C8872A02943900F86A3B /* Resources */,
			);
			buildRules = (
			);
			dependencies = (
				B572C88B2A02943900F86A3B /* PBXTargetDependency */,
			);
			name = URLSession_ExampleUITests;
			productName = URLSession_ExampleUITests;
			productReference = B572C8892A02943900F86A3B /* URLSession_ExampleUITests.xctest */;
			productType = "com.apple.product-type.bundle.ui-testing";
		};
/* End PBXNativeTarget section */

/* Begin PBXProject section */
		B572C8612A02943800F86A3B /* Project object */ = {
			isa = PBXProject;
			attributes = {
				BuildIndependentTargetsInParallel = 1;
				LastSwiftUpdateCheck = 1420;
				LastUpgradeCheck = 1420;
				TargetAttributes = {
					B57226412A13CD000016B69C = {
						CreatedOnToolsVersion = 14.2;
					};
					B57226562A13CD010016B69C = {
						CreatedOnToolsVersion = 14.2;
						TestTargetID = B57226412A13CD000016B69C;
					};
					B572C8682A02943800F86A3B = {
						CreatedOnToolsVersion = 14.2;
					};
					B572C87E2A02943900F86A3B = {
						CreatedOnToolsVersion = 14.2;
						TestTargetID = B572C8682A02943800F86A3B;
					};
					B572C8882A02943900F86A3B = {
						CreatedOnToolsVersion = 14.2;
						TestTargetID = B572C8682A02943800F86A3B;
					};
				};
			};
			buildConfigurationList = B572C8642A02943800F86A3B /* Build configuration list for PBXProject "URLSession_Example" */;
			compatibilityVersion = "Xcode 14.0";
			developmentRegion = en;
			hasScannedForEncodings = 0;
			knownRegions = (
				en,
				Base,
			);
			mainGroup = B572C8602A02943800F86A3B;
			productRefGroup = B572C86A2A02943800F86A3B /* Products */;
			projectDirPath = "";
			projectRoot = "";
			targets = (
				B572C8682A02943800F86A3B /* URLSession_Example */,
				B57226412A13CD000016B69C /* EXNetwork */,
				B572C87E2A02943900F86A3B /* URLSession_ExampleTests */,
				B572C8882A02943900F86A3B /* URLSession_ExampleUITests */,
				B57226562A13CD010016B69C /* EXNetworkTests */,
			);
		};
/* End PBXProject section */

/* Begin PBXResourcesBuildPhase section */
		B57226402A13CD000016B69C /* Resources */ = {
			isa = PBXResourcesBuildPhase;
			buildActionMask = 2147483647;
			files = (
				B57226512A13CD010016B69C /* LaunchScreen.storyboard in Resources */,
				B572264E2A13CD010016B69C /* Assets.xcassets in Resources */,
				B572264C2A13CD000016B69C /* Main.storyboard in Resources */,
			);
			runOnlyForDeploymentPostprocessing = 0;
		};
		B57226552A13CD010016B69C /* Resources */ = {
			isa = PBXResourcesBuildPhase;
			buildActionMask = 2147483647;
			files = (
			);
			runOnlyForDeploymentPostprocessing = 0;
		};
		B572C8672A02943800F86A3B /* Resources */ = {
			isa = PBXResourcesBuildPhase;
			buildActionMask = 2147483647;
			files = (
				B572C8B22A049C1300F86A3B /* Keys.plist in Resources */,
				B572C8792A02943900F86A3B /* LaunchScreen.storyboard in Resources */,
				B572C8762A02943900F86A3B /* Assets.xcassets in Resources */,
				B572C8742A02943800F86A3B /* Main.storyboard in Resources */,
			);
			runOnlyForDeploymentPostprocessing = 0;
		};
		B572C87D2A02943900F86A3B /* Resources */ = {
			isa = PBXResourcesBuildPhase;
			buildActionMask = 2147483647;
			files = (
			);
			runOnlyForDeploymentPostprocessing = 0;
		};
		B572C8872A02943900F86A3B /* Resources */ = {
			isa = PBXResourcesBuildPhase;
			buildActionMask = 2147483647;
			files = (
			);
			runOnlyForDeploymentPostprocessing = 0;
		};
/* End PBXResourcesBuildPhase section */

/* Begin PBXSourcesBuildPhase section */
		B572263E2A13CD000016B69C /* Sources */ = {
			isa = PBXSourcesBuildPhase;
			buildActionMask = 2147483647;
			files = (
				B572267E2A1466A20016B69C /* CollectionRequestDTO.swift in Sources */,
				B57226742A13D3FA0016B69C /* ViewController.swift in Sources */,
				B572267F2A1466A60016B69C /* CollectionResponseDTO.swift in Sources */,
				B572267D2A14669E0016B69C /* Image.swift in Sources */,
				B57226452A13CD000016B69C /* AppDelegate.swift in Sources */,
				B57226472A13CD000016B69C /* SceneDelegate.swift in Sources */,
			);
			runOnlyForDeploymentPostprocessing = 0;
		};
		B57226532A13CD010016B69C /* Sources */ = {
			isa = PBXSourcesBuildPhase;
			buildActionMask = 2147483647;
			files = (
				B572265C2A13CD010016B69C /* EXNetworkTests.swift in Sources */,
			);
			runOnlyForDeploymentPostprocessing = 0;
		};
		B572C8652A02943800F86A3B /* Sources */ = {
			isa = PBXSourcesBuildPhase;
			buildActionMask = 2147483647;
			files = (
				B51AEB792A052D9200EB9107 /* CollectionEndPoint.swift in Sources */,
				B51AEB742A0528FC00EB9107 /* HTTPTask.swift in Sources */,
				B572C8A72A03CB5000F86A3B /* CollectionViewController.swift in Sources */,
				B572C8712A02943800F86A3B /* ViewController.swift in Sources */,
				B51AEB702A0527F600EB9107 /* EndPointable.swift in Sources */,
				B572C8AC2A03E5A800F86A3B /* MakeAlert+UIViewController.swift in Sources */,
				B51AEB872A05429000EB9107 /* CollectionAPI.swift in Sources */,
				B51AEB802A05395200EB9107 /* APIRequest.swift in Sources */,
				B572C8A12A03849100F86A3B /* PhotoCollectionViewCell.swift in Sources */,
				B572C86D2A02943800F86A3B /* AppDelegate.swift in Sources */,
				B51AEB822A053B7500EB9107 /* NetworkError.swift in Sources */,
				B572C86F2A02943800F86A3B /* SceneDelegate.swift in Sources */,
				B51AEB852A053FCA00EB9107 /* PhotoAPI.swift in Sources */,
				B572C8A92A03E46500F86A3B /* CollectionRequestDTO.swift in Sources */,
				B51AEB6C2A05272200EB9107 /* APIEnvironment.swift in Sources */,
				B51AEB772A052AEA00EB9107 /* PhotoEndPoint.swift in Sources */,
				B51AEB7B2A052F4D00EB9107 /* Encodable+Extension.swift in Sources */,
				B572C8A42A03A43300F86A3B /* Image.swift in Sources */,
				B51AEB722A05285D00EB9107 /* HTTPMethod.swift in Sources */,
				B572C8B42A049CAB00F86A3B /* KeyProvider.swift in Sources */,
				B51AEB7E2A05317500EB9107 /* NetworkRequest.swift in Sources */,
				B572C8AE2A03E81400F86A3B /* CollectionResponseDTO.swift in Sources */,
			);
			runOnlyForDeploymentPostprocessing = 0;
		};
		B572C87B2A02943900F86A3B /* Sources */ = {
			isa = PBXSourcesBuildPhase;
			buildActionMask = 2147483647;
			files = (
				B572C8842A02943900F86A3B /* URLSession_ExampleTests.swift in Sources */,
			);
			runOnlyForDeploymentPostprocessing = 0;
		};
		B572C8852A02943900F86A3B /* Sources */ = {
			isa = PBXSourcesBuildPhase;
			buildActionMask = 2147483647;
			files = (
				B572C8902A02943900F86A3B /* URLSession_ExampleUITestsLaunchTests.swift in Sources */,
				B572C88E2A02943900F86A3B /* URLSession_ExampleUITests.swift in Sources */,
			);
			runOnlyForDeploymentPostprocessing = 0;
		};
/* End PBXSourcesBuildPhase section */

/* Begin PBXTargetDependency section */
		B57226592A13CD010016B69C /* PBXTargetDependency */ = {
			isa = PBXTargetDependency;
			target = B57226412A13CD000016B69C /* EXNetwork */;
			targetProxy = B57226582A13CD010016B69C /* PBXContainerItemProxy */;
		};
		B572C8812A02943900F86A3B /* PBXTargetDependency */ = {
			isa = PBXTargetDependency;
			target = B572C8682A02943800F86A3B /* URLSession_Example */;
			targetProxy = B572C8802A02943900F86A3B /* PBXContainerItemProxy */;
		};
		B572C88B2A02943900F86A3B /* PBXTargetDependency */ = {
			isa = PBXTargetDependency;
			target = B572C8682A02943800F86A3B /* URLSession_Example */;
			targetProxy = B572C88A2A02943900F86A3B /* PBXContainerItemProxy */;
		};
/* End PBXTargetDependency section */

/* Begin PBXVariantGroup section */
		B572264A2A13CD000016B69C /* Main.storyboard */ = {
			isa = PBXVariantGroup;
			children = (
				B572264B2A13CD000016B69C /* Base */,
			);
			name = Main.storyboard;
			sourceTree = "<group>";
		};
		B572264F2A13CD010016B69C /* LaunchScreen.storyboard */ = {
			isa = PBXVariantGroup;
			children = (
				B57226502A13CD010016B69C /* Base */,
			);
			name = LaunchScreen.storyboard;
			sourceTree = "<group>";
		};
		B572C8722A02943800F86A3B /* Main.storyboard */ = {
			isa = PBXVariantGroup;
			children = (
				B572C8732A02943800F86A3B /* Base */,
			);
			name = Main.storyboard;
			sourceTree = "<group>";
		};
		B572C8772A02943900F86A3B /* LaunchScreen.storyboard */ = {
			isa = PBXVariantGroup;
			children = (
				B572C8782A02943900F86A3B /* Base */,
			);
			name = LaunchScreen.storyboard;
			sourceTree = "<group>";
		};
/* End PBXVariantGroup section */

/* Begin XCBuildConfiguration section */
		B572266A2A13CD010016B69C /* Debug */ = {
			isa = XCBuildConfiguration;
			buildSettings = {
				ASSETCATALOG_COMPILER_APPICON_NAME = AppIcon;
				ASSETCATALOG_COMPILER_GLOBAL_ACCENT_COLOR_NAME = AccentColor;
				CODE_SIGN_STYLE = Automatic;
				CURRENT_PROJECT_VERSION = 1;
				GENERATE_INFOPLIST_FILE = YES;
				INFOPLIST_FILE = EXNetwork/Example/Supports/Info.plist;
				INFOPLIST_KEY_UIApplicationSupportsIndirectInputEvents = YES;
				INFOPLIST_KEY_UILaunchStoryboardName = LaunchScreen;
				INFOPLIST_KEY_UIMainStoryboardFile = Main;
				INFOPLIST_KEY_UISupportedInterfaceOrientations_iPad = "UIInterfaceOrientationPortrait UIInterfaceOrientationPortraitUpsideDown UIInterfaceOrientationLandscapeLeft UIInterfaceOrientationLandscapeRight";
				INFOPLIST_KEY_UISupportedInterfaceOrientations_iPhone = "UIInterfaceOrientationPortrait UIInterfaceOrientationLandscapeLeft UIInterfaceOrientationLandscapeRight";
				LD_RUNPATH_SEARCH_PATHS = (
					"$(inherited)",
					"@executable_path/Frameworks",
				);
				MARKETING_VERSION = 1.0;
				PRODUCT_BUNDLE_IDENTIFIER = com.yoonah.EXNetwork;
				PRODUCT_NAME = "$(TARGET_NAME)";
				SWIFT_EMIT_LOC_STRINGS = YES;
				SWIFT_VERSION = 5.0;
				TARGETED_DEVICE_FAMILY = "1,2";
			};
			name = Debug;
		};
		B572266B2A13CD010016B69C /* Release */ = {
			isa = XCBuildConfiguration;
			buildSettings = {
				ASSETCATALOG_COMPILER_APPICON_NAME = AppIcon;
				ASSETCATALOG_COMPILER_GLOBAL_ACCENT_COLOR_NAME = AccentColor;
				CODE_SIGN_STYLE = Automatic;
				CURRENT_PROJECT_VERSION = 1;
				GENERATE_INFOPLIST_FILE = YES;
				INFOPLIST_FILE = EXNetwork/Example/Supports/Info.plist;
				INFOPLIST_KEY_UIApplicationSupportsIndirectInputEvents = YES;
				INFOPLIST_KEY_UILaunchStoryboardName = LaunchScreen;
				INFOPLIST_KEY_UIMainStoryboardFile = Main;
				INFOPLIST_KEY_UISupportedInterfaceOrientations_iPad = "UIInterfaceOrientationPortrait UIInterfaceOrientationPortraitUpsideDown UIInterfaceOrientationLandscapeLeft UIInterfaceOrientationLandscapeRight";
				INFOPLIST_KEY_UISupportedInterfaceOrientations_iPhone = "UIInterfaceOrientationPortrait UIInterfaceOrientationLandscapeLeft UIInterfaceOrientationLandscapeRight";
				LD_RUNPATH_SEARCH_PATHS = (
					"$(inherited)",
					"@executable_path/Frameworks",
				);
				MARKETING_VERSION = 1.0;
				PRODUCT_BUNDLE_IDENTIFIER = com.yoonah.EXNetwork;
				PRODUCT_NAME = "$(TARGET_NAME)";
				SWIFT_EMIT_LOC_STRINGS = YES;
				SWIFT_VERSION = 5.0;
				TARGETED_DEVICE_FAMILY = "1,2";
			};
			name = Release;
		};
		B572266D2A13CD010016B69C /* Debug */ = {
			isa = XCBuildConfiguration;
			buildSettings = {
				ALWAYS_EMBED_SWIFT_STANDARD_LIBRARIES = YES;
				BUNDLE_LOADER = "$(TEST_HOST)";
				CODE_SIGN_STYLE = Automatic;
				CURRENT_PROJECT_VERSION = 1;
				GENERATE_INFOPLIST_FILE = YES;
				IPHONEOS_DEPLOYMENT_TARGET = 16.2;
				MARKETING_VERSION = 1.0;
				PRODUCT_BUNDLE_IDENTIFIER = com.yoonah.EXNetworkTests;
				PRODUCT_NAME = "$(TARGET_NAME)";
				SWIFT_EMIT_LOC_STRINGS = NO;
				SWIFT_VERSION = 5.0;
				TARGETED_DEVICE_FAMILY = "1,2";
				TEST_HOST = "$(BUILT_PRODUCTS_DIR)/EXNetwork.app/$(BUNDLE_EXECUTABLE_FOLDER_PATH)/EXNetwork";
			};
			name = Debug;
		};
		B572266E2A13CD010016B69C /* Release */ = {
			isa = XCBuildConfiguration;
			buildSettings = {
				ALWAYS_EMBED_SWIFT_STANDARD_LIBRARIES = YES;
				BUNDLE_LOADER = "$(TEST_HOST)";
				CODE_SIGN_STYLE = Automatic;
				CURRENT_PROJECT_VERSION = 1;
				GENERATE_INFOPLIST_FILE = YES;
				IPHONEOS_DEPLOYMENT_TARGET = 16.2;
				MARKETING_VERSION = 1.0;
				PRODUCT_BUNDLE_IDENTIFIER = com.yoonah.EXNetworkTests;
				PRODUCT_NAME = "$(TARGET_NAME)";
				SWIFT_EMIT_LOC_STRINGS = NO;
				SWIFT_VERSION = 5.0;
				TARGETED_DEVICE_FAMILY = "1,2";
				TEST_HOST = "$(BUILT_PRODUCTS_DIR)/EXNetwork.app/$(BUNDLE_EXECUTABLE_FOLDER_PATH)/EXNetwork";
			};
			name = Release;
		};
		B572C8912A02943900F86A3B /* Debug */ = {
			isa = XCBuildConfiguration;
			buildSettings = {
				ALWAYS_SEARCH_USER_PATHS = NO;
				CLANG_ANALYZER_NONNULL = YES;
				CLANG_ANALYZER_NUMBER_OBJECT_CONVERSION = YES_AGGRESSIVE;
				CLANG_CXX_LANGUAGE_STANDARD = "gnu++20";
				CLANG_ENABLE_MODULES = YES;
				CLANG_ENABLE_OBJC_ARC = YES;
				CLANG_ENABLE_OBJC_WEAK = YES;
				CLANG_WARN_BLOCK_CAPTURE_AUTORELEASING = YES;
				CLANG_WARN_BOOL_CONVERSION = YES;
				CLANG_WARN_COMMA = YES;
				CLANG_WARN_CONSTANT_CONVERSION = YES;
				CLANG_WARN_DEPRECATED_OBJC_IMPLEMENTATIONS = YES;
				CLANG_WARN_DIRECT_OBJC_ISA_USAGE = YES_ERROR;
				CLANG_WARN_DOCUMENTATION_COMMENTS = YES;
				CLANG_WARN_EMPTY_BODY = YES;
				CLANG_WARN_ENUM_CONVERSION = YES;
				CLANG_WARN_INFINITE_RECURSION = YES;
				CLANG_WARN_INT_CONVERSION = YES;
				CLANG_WARN_NON_LITERAL_NULL_CONVERSION = YES;
				CLANG_WARN_OBJC_IMPLICIT_RETAIN_SELF = YES;
				CLANG_WARN_OBJC_LITERAL_CONVERSION = YES;
				CLANG_WARN_OBJC_ROOT_CLASS = YES_ERROR;
				CLANG_WARN_QUOTED_INCLUDE_IN_FRAMEWORK_HEADER = YES;
				CLANG_WARN_RANGE_LOOP_ANALYSIS = YES;
				CLANG_WARN_STRICT_PROTOTYPES = YES;
				CLANG_WARN_SUSPICIOUS_MOVE = YES;
				CLANG_WARN_UNGUARDED_AVAILABILITY = YES_AGGRESSIVE;
				CLANG_WARN_UNREACHABLE_CODE = YES;
				CLANG_WARN__DUPLICATE_METHOD_MATCH = YES;
				COPY_PHASE_STRIP = NO;
				DEBUG_INFORMATION_FORMAT = dwarf;
				ENABLE_STRICT_OBJC_MSGSEND = YES;
				ENABLE_TESTABILITY = YES;
				GCC_C_LANGUAGE_STANDARD = gnu11;
				GCC_DYNAMIC_NO_PIC = NO;
				GCC_NO_COMMON_BLOCKS = YES;
				GCC_OPTIMIZATION_LEVEL = 0;
				GCC_PREPROCESSOR_DEFINITIONS = (
					"DEBUG=1",
					"$(inherited)",
				);
				GCC_WARN_64_TO_32_BIT_CONVERSION = YES;
				GCC_WARN_ABOUT_RETURN_TYPE = YES_ERROR;
				GCC_WARN_UNDECLARED_SELECTOR = YES;
				GCC_WARN_UNINITIALIZED_AUTOS = YES_AGGRESSIVE;
				GCC_WARN_UNUSED_FUNCTION = YES;
				GCC_WARN_UNUSED_VARIABLE = YES;
				IPHONEOS_DEPLOYMENT_TARGET = 16.2;
				MTL_ENABLE_DEBUG_INFO = INCLUDE_SOURCE;
				MTL_FAST_MATH = YES;
				ONLY_ACTIVE_ARCH = YES;
				SDKROOT = iphoneos;
				SWIFT_ACTIVE_COMPILATION_CONDITIONS = DEBUG;
				SWIFT_OPTIMIZATION_LEVEL = "-Onone";
			};
			name = Debug;
		};
		B572C8922A02943900F86A3B /* Release */ = {
			isa = XCBuildConfiguration;
			buildSettings = {
				ALWAYS_SEARCH_USER_PATHS = NO;
				CLANG_ANALYZER_NONNULL = YES;
				CLANG_ANALYZER_NUMBER_OBJECT_CONVERSION = YES_AGGRESSIVE;
				CLANG_CXX_LANGUAGE_STANDARD = "gnu++20";
				CLANG_ENABLE_MODULES = YES;
				CLANG_ENABLE_OBJC_ARC = YES;
				CLANG_ENABLE_OBJC_WEAK = YES;
				CLANG_WARN_BLOCK_CAPTURE_AUTORELEASING = YES;
				CLANG_WARN_BOOL_CONVERSION = YES;
				CLANG_WARN_COMMA = YES;
				CLANG_WARN_CONSTANT_CONVERSION = YES;
				CLANG_WARN_DEPRECATED_OBJC_IMPLEMENTATIONS = YES;
				CLANG_WARN_DIRECT_OBJC_ISA_USAGE = YES_ERROR;
				CLANG_WARN_DOCUMENTATION_COMMENTS = YES;
				CLANG_WARN_EMPTY_BODY = YES;
				CLANG_WARN_ENUM_CONVERSION = YES;
				CLANG_WARN_INFINITE_RECURSION = YES;
				CLANG_WARN_INT_CONVERSION = YES;
				CLANG_WARN_NON_LITERAL_NULL_CONVERSION = YES;
				CLANG_WARN_OBJC_IMPLICIT_RETAIN_SELF = YES;
				CLANG_WARN_OBJC_LITERAL_CONVERSION = YES;
				CLANG_WARN_OBJC_ROOT_CLASS = YES_ERROR;
				CLANG_WARN_QUOTED_INCLUDE_IN_FRAMEWORK_HEADER = YES;
				CLANG_WARN_RANGE_LOOP_ANALYSIS = YES;
				CLANG_WARN_STRICT_PROTOTYPES = YES;
				CLANG_WARN_SUSPICIOUS_MOVE = YES;
				CLANG_WARN_UNGUARDED_AVAILABILITY = YES_AGGRESSIVE;
				CLANG_WARN_UNREACHABLE_CODE = YES;
				CLANG_WARN__DUPLICATE_METHOD_MATCH = YES;
				COPY_PHASE_STRIP = NO;
				DEBUG_INFORMATION_FORMAT = "dwarf-with-dsym";
				ENABLE_NS_ASSERTIONS = NO;
				ENABLE_STRICT_OBJC_MSGSEND = YES;
				GCC_C_LANGUAGE_STANDARD = gnu11;
				GCC_NO_COMMON_BLOCKS = YES;
				GCC_WARN_64_TO_32_BIT_CONVERSION = YES;
				GCC_WARN_ABOUT_RETURN_TYPE = YES_ERROR;
				GCC_WARN_UNDECLARED_SELECTOR = YES;
				GCC_WARN_UNINITIALIZED_AUTOS = YES_AGGRESSIVE;
				GCC_WARN_UNUSED_FUNCTION = YES;
				GCC_WARN_UNUSED_VARIABLE = YES;
				IPHONEOS_DEPLOYMENT_TARGET = 16.2;
				MTL_ENABLE_DEBUG_INFO = NO;
				MTL_FAST_MATH = YES;
				SDKROOT = iphoneos;
				SWIFT_COMPILATION_MODE = wholemodule;
				SWIFT_OPTIMIZATION_LEVEL = "-O";
				VALIDATE_PRODUCT = YES;
			};
			name = Release;
		};
		B572C8942A02943900F86A3B /* Debug */ = {
			isa = XCBuildConfiguration;
			buildSettings = {
				ASSETCATALOG_COMPILER_APPICON_NAME = AppIcon;
				ASSETCATALOG_COMPILER_GLOBAL_ACCENT_COLOR_NAME = AccentColor;
				CODE_SIGN_STYLE = Automatic;
				CURRENT_PROJECT_VERSION = 1;
				GENERATE_INFOPLIST_FILE = YES;
				INFOPLIST_FILE = URLSession_Example/Supports/Info.plist;
				INFOPLIST_KEY_UIApplicationSupportsIndirectInputEvents = YES;
				INFOPLIST_KEY_UILaunchStoryboardName = LaunchScreen;
				INFOPLIST_KEY_UIMainStoryboardFile = Main;
				INFOPLIST_KEY_UISupportedInterfaceOrientations_iPad = "UIInterfaceOrientationPortrait UIInterfaceOrientationPortraitUpsideDown UIInterfaceOrientationLandscapeLeft UIInterfaceOrientationLandscapeRight";
				INFOPLIST_KEY_UISupportedInterfaceOrientations_iPhone = "UIInterfaceOrientationPortrait UIInterfaceOrientationLandscapeLeft UIInterfaceOrientationLandscapeRight";
				LD_RUNPATH_SEARCH_PATHS = (
					"$(inherited)",
					"@executable_path/Frameworks",
				);
				MARKETING_VERSION = 1.0;
				PRODUCT_BUNDLE_IDENTIFIER = "com.yoonah.URLSession-Example";
				PRODUCT_NAME = "$(TARGET_NAME)";
				SWIFT_EMIT_LOC_STRINGS = YES;
				SWIFT_VERSION = 5.0;
				TARGETED_DEVICE_FAMILY = "1,2";
			};
			name = Debug;
		};
		B572C8952A02943900F86A3B /* Release */ = {
			isa = XCBuildConfiguration;
			buildSettings = {
				ASSETCATALOG_COMPILER_APPICON_NAME = AppIcon;
				ASSETCATALOG_COMPILER_GLOBAL_ACCENT_COLOR_NAME = AccentColor;
				CODE_SIGN_STYLE = Automatic;
				CURRENT_PROJECT_VERSION = 1;
				GENERATE_INFOPLIST_FILE = YES;
				INFOPLIST_FILE = URLSession_Example/Supports/Info.plist;
				INFOPLIST_KEY_UIApplicationSupportsIndirectInputEvents = YES;
				INFOPLIST_KEY_UILaunchStoryboardName = LaunchScreen;
				INFOPLIST_KEY_UIMainStoryboardFile = Main;
				INFOPLIST_KEY_UISupportedInterfaceOrientations_iPad = "UIInterfaceOrientationPortrait UIInterfaceOrientationPortraitUpsideDown UIInterfaceOrientationLandscapeLeft UIInterfaceOrientationLandscapeRight";
				INFOPLIST_KEY_UISupportedInterfaceOrientations_iPhone = "UIInterfaceOrientationPortrait UIInterfaceOrientationLandscapeLeft UIInterfaceOrientationLandscapeRight";
				LD_RUNPATH_SEARCH_PATHS = (
					"$(inherited)",
					"@executable_path/Frameworks",
				);
				MARKETING_VERSION = 1.0;
				PRODUCT_BUNDLE_IDENTIFIER = "com.yoonah.URLSession-Example";
				PRODUCT_NAME = "$(TARGET_NAME)";
				SWIFT_EMIT_LOC_STRINGS = YES;
				SWIFT_VERSION = 5.0;
				TARGETED_DEVICE_FAMILY = "1,2";
			};
			name = Release;
		};
		B572C8972A02943900F86A3B /* Debug */ = {
			isa = XCBuildConfiguration;
			buildSettings = {
				ALWAYS_EMBED_SWIFT_STANDARD_LIBRARIES = YES;
				BUNDLE_LOADER = "$(TEST_HOST)";
				CODE_SIGN_STYLE = Automatic;
				CURRENT_PROJECT_VERSION = 1;
				GENERATE_INFOPLIST_FILE = YES;
				IPHONEOS_DEPLOYMENT_TARGET = 16.2;
				MARKETING_VERSION = 1.0;
				PRODUCT_BUNDLE_IDENTIFIER = "com.yoonah.URLSession-ExampleTests";
				PRODUCT_NAME = "$(TARGET_NAME)";
				SWIFT_EMIT_LOC_STRINGS = NO;
				SWIFT_VERSION = 5.0;
				TARGETED_DEVICE_FAMILY = "1,2";
				TEST_HOST = "$(BUILT_PRODUCTS_DIR)/URLSession_Example.app/$(BUNDLE_EXECUTABLE_FOLDER_PATH)/URLSession_Example";
			};
			name = Debug;
		};
		B572C8982A02943900F86A3B /* Release */ = {
			isa = XCBuildConfiguration;
			buildSettings = {
				ALWAYS_EMBED_SWIFT_STANDARD_LIBRARIES = YES;
				BUNDLE_LOADER = "$(TEST_HOST)";
				CODE_SIGN_STYLE = Automatic;
				CURRENT_PROJECT_VERSION = 1;
				GENERATE_INFOPLIST_FILE = YES;
				IPHONEOS_DEPLOYMENT_TARGET = 16.2;
				MARKETING_VERSION = 1.0;
				PRODUCT_BUNDLE_IDENTIFIER = "com.yoonah.URLSession-ExampleTests";
				PRODUCT_NAME = "$(TARGET_NAME)";
				SWIFT_EMIT_LOC_STRINGS = NO;
				SWIFT_VERSION = 5.0;
				TARGETED_DEVICE_FAMILY = "1,2";
				TEST_HOST = "$(BUILT_PRODUCTS_DIR)/URLSession_Example.app/$(BUNDLE_EXECUTABLE_FOLDER_PATH)/URLSession_Example";
			};
			name = Release;
		};
		B572C89A2A02943900F86A3B /* Debug */ = {
			isa = XCBuildConfiguration;
			buildSettings = {
				ALWAYS_EMBED_SWIFT_STANDARD_LIBRARIES = YES;
				CODE_SIGN_STYLE = Automatic;
				CURRENT_PROJECT_VERSION = 1;
				GENERATE_INFOPLIST_FILE = YES;
				MARKETING_VERSION = 1.0;
				PRODUCT_BUNDLE_IDENTIFIER = "com.yoonah.URLSession-ExampleUITests";
				PRODUCT_NAME = "$(TARGET_NAME)";
				SWIFT_EMIT_LOC_STRINGS = NO;
				SWIFT_VERSION = 5.0;
				TARGETED_DEVICE_FAMILY = "1,2";
				TEST_TARGET_NAME = URLSession_Example;
			};
			name = Debug;
		};
		B572C89B2A02943900F86A3B /* Release */ = {
			isa = XCBuildConfiguration;
			buildSettings = {
				ALWAYS_EMBED_SWIFT_STANDARD_LIBRARIES = YES;
				CODE_SIGN_STYLE = Automatic;
				CURRENT_PROJECT_VERSION = 1;
				GENERATE_INFOPLIST_FILE = YES;
				MARKETING_VERSION = 1.0;
				PRODUCT_BUNDLE_IDENTIFIER = "com.yoonah.URLSession-ExampleUITests";
				PRODUCT_NAME = "$(TARGET_NAME)";
				SWIFT_EMIT_LOC_STRINGS = NO;
				SWIFT_VERSION = 5.0;
				TARGETED_DEVICE_FAMILY = "1,2";
				TEST_TARGET_NAME = URLSession_Example;
			};
			name = Release;
		};
/* End XCBuildConfiguration section */

/* Begin XCConfigurationList section */
		B57226692A13CD010016B69C /* Build configuration list for PBXNativeTarget "EXNetwork" */ = {
			isa = XCConfigurationList;
			buildConfigurations = (
				B572266A2A13CD010016B69C /* Debug */,
				B572266B2A13CD010016B69C /* Release */,
			);
			defaultConfigurationIsVisible = 0;
			defaultConfigurationName = Release;
		};
		B572266C2A13CD010016B69C /* Build configuration list for PBXNativeTarget "EXNetworkTests" */ = {
			isa = XCConfigurationList;
			buildConfigurations = (
				B572266D2A13CD010016B69C /* Debug */,
				B572266E2A13CD010016B69C /* Release */,
			);
			defaultConfigurationIsVisible = 0;
			defaultConfigurationName = Release;
		};
		B572C8642A02943800F86A3B /* Build configuration list for PBXProject "URLSession_Example" */ = {
			isa = XCConfigurationList;
			buildConfigurations = (
				B572C8912A02943900F86A3B /* Debug */,
				B572C8922A02943900F86A3B /* Release */,
			);
			defaultConfigurationIsVisible = 0;
			defaultConfigurationName = Release;
		};
		B572C8932A02943900F86A3B /* Build configuration list for PBXNativeTarget "URLSession_Example" */ = {
			isa = XCConfigurationList;
			buildConfigurations = (
				B572C8942A02943900F86A3B /* Debug */,
				B572C8952A02943900F86A3B /* Release */,
			);
			defaultConfigurationIsVisible = 0;
			defaultConfigurationName = Release;
		};
		B572C8962A02943900F86A3B /* Build configuration list for PBXNativeTarget "URLSession_ExampleTests" */ = {
			isa = XCConfigurationList;
			buildConfigurations = (
				B572C8972A02943900F86A3B /* Debug */,
				B572C8982A02943900F86A3B /* Release */,
			);
			defaultConfigurationIsVisible = 0;
			defaultConfigurationName = Release;
		};
		B572C8992A02943900F86A3B /* Build configuration list for PBXNativeTarget "URLSession_ExampleUITests" */ = {
			isa = XCConfigurationList;
			buildConfigurations = (
				B572C89A2A02943900F86A3B /* Debug */,
				B572C89B2A02943900F86A3B /* Release */,
			);
			defaultConfigurationIsVisible = 0;
			defaultConfigurationName = Release;
		};
/* End XCConfigurationList section */
	};
	rootObject = B572C8612A02943800F86A3B /* Project object */;
}
